
Microsoft Visual Studio Solution File, Format Version 12.00
# Visual Studio Version 17
VisualStudioVersion = 17.8.34511.84
MinimumVisualStudioVersion = 10.0.40219.1
Project("{FAE04EC0-301F-11D3-BF4B-00C04F79EFBC}") = "SuperHeroAPI-DotNet", "SuperHeroAPI-DotNet\SuperHeroAPI-DotNet.csproj", "{C6ED03FF-7A0A-4F42-BB2B-D4BD1C6973EC}"
EndProject
Global
	GlobalSection(SolutionConfigurationPlatforms) = preSolution
		Debug|Any CPU = Debug|Any CPU
		Release|Any CPU = Release|Any CPU
	EndGlobalSection
	GlobalSection(ProjectConfigurationPlatforms) = postSolution
		{C6ED03FF-7A0A-4F42-BB2B-D4BD1C6973EC}.Debug|Any CPU.ActiveCfg = Debug|Any CPU
		{C6ED03FF-7A0A-4F42-BB2B-D4BD1C6973EC}.Debug|Any CPU.Build.0 = Debug|Any CPU
		{C6ED03FF-7A0A-4F42-BB2B-D4BD1C6973EC}.Release|Any CPU.ActiveCfg = Release|Any CPU
		{C6ED03FF-7A0A-4F42-BB2B-D4BD1C6973EC}.Release|Any CPU.Build.0 = Release|Any CPU
	EndGlobalSection
	GlobalSection(SolutionProperties) = preSolution
		HideSolutionNode = FALSE
	EndGlobalSection
	GlobalSection(ExtensibilityGlobals) = postSolution
		SolutionGuid = {D98C8927-B115-49A8-9C5C-42F724223A2F}
	EndGlobalSection
EndGlobal
